
Microsoft Visual Studio Solution File, Format Version 12.00
# Visual Studio 14
VisualStudioVersion = 14.0.25123.0
MinimumVisualStudioVersion = 10.0.40219.1
Project("{FAE04EC0-301F-11D3-BF4B-00C04F79EFBC}") = "BackOffice", "BackOffice\BackOffice.csproj", "{D375C96C-F348-41F2-BECC-0C6D6D43AB3B}"
EndProject
Project("{FAE04EC0-301F-11D3-BF4B-00C04F79EFBC}") = "BackOffice.Specs", "BackOffice.Specs\BackOffice.Specs.csproj", "{AD013420-8A42-4A47-A239-03B14371EDBA}"
EndProject
Project("{FAE04EC0-301F-11D3-BF4B-00C04F79EFBC}") = "Domain.Common", "Domain.Common\Domain.Common.csproj", "{78C68BC3-141E-46CD-BD8E-898314C05CD5}"
EndProject
Project("{FAE04EC0-301F-11D3-BF4B-00C04F79EFBC}") = "Domain.Common.Specs", "Domain.Common.Specs\Domain.Common.Specs.csproj", "{FD196E98-E90D-4337-922D-0D074D22E430}"
EndProject
Project("{FAE04EC0-301F-11D3-BF4B-00C04F79EFBC}") = "BackOffice.Module.Pms", "BackOffice.Module.Pms\BackOffice.Module.Pms.csproj", "{BC17DBD1-B43A-4112-AC44-D63650A1CD97}"
EndProject
Project("{FAE04EC0-301F-11D3-BF4B-00C04F79EFBC}") = "BackOffice.Module.Ums", "BackOffice.Module.Ums\BackOffice.Module.Ums.csproj", "{DFEAF692-7363-4579-B74E-C26486F7A207}"
EndProject
Project("{FAE04EC0-301F-11D3-BF4B-00C04F79EFBC}") = "BackOffice.Common", "BackOffice.Common\BackOffice.Common.csproj", "{3D3F819C-26A5-4312-9D7A-28FBCA8CEA52}"
EndProject
Global
	GlobalSection(SolutionConfigurationPlatforms) = preSolution
		Debug|Any CPU = Debug|Any CPU
		Release|Any CPU = Release|Any CPU
	EndGlobalSection
	GlobalSection(ProjectConfigurationPlatforms) = postSolution
		{D375C96C-F348-41F2-BECC-0C6D6D43AB3B}.Debug|Any CPU.ActiveCfg = Debug|Any CPU
		{D375C96C-F348-41F2-BECC-0C6D6D43AB3B}.Debug|Any CPU.Build.0 = Debug|Any CPU
		{D375C96C-F348-41F2-BECC-0C6D6D43AB3B}.Release|Any CPU.ActiveCfg = Release|Any CPU
		{D375C96C-F348-41F2-BECC-0C6D6D43AB3B}.Release|Any CPU.Build.0 = Release|Any CPU
		{AD013420-8A42-4A47-A239-03B14371EDBA}.Debug|Any CPU.ActiveCfg = Debug|Any CPU
		{AD013420-8A42-4A47-A239-03B14371EDBA}.Debug|Any CPU.Build.0 = Debug|Any CPU
		{AD013420-8A42-4A47-A239-03B14371EDBA}.Release|Any CPU.ActiveCfg = Release|Any CPU
		{AD013420-8A42-4A47-A239-03B14371EDBA}.Release|Any CPU.Build.0 = Release|Any CPU
		{78C68BC3-141E-46CD-BD8E-898314C05CD5}.Debug|Any CPU.ActiveCfg = Debug|Any CPU
		{78C68BC3-141E-46CD-BD8E-898314C05CD5}.Debug|Any CPU.Build.0 = Debug|Any CPU
		{78C68BC3-141E-46CD-BD8E-898314C05CD5}.Release|Any CPU.ActiveCfg = Release|Any CPU
		{78C68BC3-141E-46CD-BD8E-898314C05CD5}.Release|Any CPU.Build.0 = Release|Any CPU
		{FD196E98-E90D-4337-922D-0D074D22E430}.Debug|Any CPU.ActiveCfg = Debug|Any CPU
		{FD196E98-E90D-4337-922D-0D074D22E430}.Debug|Any CPU.Build.0 = Debug|Any CPU
		{FD196E98-E90D-4337-922D-0D074D22E430}.Release|Any CPU.ActiveCfg = Release|Any CPU
		{FD196E98-E90D-4337-922D-0D074D22E430}.Release|Any CPU.Build.0 = Release|Any CPU
		{BC17DBD1-B43A-4112-AC44-D63650A1CD97}.Debug|Any CPU.ActiveCfg = Debug|Any CPU
		{BC17DBD1-B43A-4112-AC44-D63650A1CD97}.Debug|Any CPU.Build.0 = Debug|Any CPU
		{BC17DBD1-B43A-4112-AC44-D63650A1CD97}.Release|Any CPU.ActiveCfg = Release|Any CPU
		{BC17DBD1-B43A-4112-AC44-D63650A1CD97}.Release|Any CPU.Build.0 = Release|Any CPU
		{DFEAF692-7363-4579-B74E-C26486F7A207}.Debug|Any CPU.ActiveCfg = Debug|Any CPU
		{DFEAF692-7363-4579-B74E-C26486F7A207}.Debug|Any CPU.Build.0 = Debug|Any CPU
		{DFEAF692-7363-4579-B74E-C26486F7A207}.Release|Any CPU.ActiveCfg = Release|Any CPU
		{DFEAF692-7363-4579-B74E-C26486F7A207}.Release|Any CPU.Build.0 = Release|Any CPU
		{3D3F819C-26A5-4312-9D7A-28FBCA8CEA52}.Debug|Any CPU.ActiveCfg = Debug|Any CPU
		{3D3F819C-26A5-4312-9D7A-28FBCA8CEA52}.Debug|Any CPU.Build.0 = Debug|Any CPU
		{3D3F819C-26A5-4312-9D7A-28FBCA8CEA52}.Release|Any CPU.ActiveCfg = Release|Any CPU
		{3D3F819C-26A5-4312-9D7A-28FBCA8CEA52}.Release|Any CPU.Build.0 = Release|Any CPU
	EndGlobalSection
	GlobalSection(SolutionProperties) = preSolution
		HideSolutionNode = FALSE
	EndGlobalSection
EndGlobal
